# This file is automatically @generated by Cargo.
# It is not intended for manual editing.
version = 4

[[package]]
name = "sdkwork-aiot-adapter-xiaozhi"
version = "0.1.0"
dependencies = [
 "sdkwork-aiot-protocol",
 "sdkwork-aiot-runtime",
 "sdkwork-aiot-security",
]

[[package]]
name = "sdkwork-aiot-admin-api"
version = "0.1.0"
dependencies = [
 "sdkwork-aiot-http-api",
 "sdkwork-aiot-runtime",
]

[[package]]
name = "sdkwork-aiot-app-api"
version = "0.1.0"
dependencies = [
 "sdkwork-aiot-http-api",
 "sdkwork-aiot-runtime",
]

[[package]]
name = "sdkwork-aiot-architecture"
version = "0.1.0"
dependencies = [
 "sdkwork-aiot-adapter-xiaozhi",
 "sdkwork-aiot-contract",
 "sdkwork-aiot-http-api",
 "sdkwork-aiot-protocol",
 "sdkwork-aiot-runtime",
 "sdkwork-aiot-storage",
 "sdkwork-aiot-transport",
]

[[package]]
name = "sdkwork-aiot-contract"
version = "0.1.0"

[[package]]
name = "sdkwork-aiot-core"
version = "0.1.0"
dependencies = [
 "sdkwork-aiot-contract",
]

[[package]]
name = "sdkwork-aiot-gateway"
version = "0.1.0"
dependencies = [
 "sdkwork-aiot-adapter-xiaozhi",
 "sdkwork-aiot-runtime",
 "sdkwork-aiot-transport",
]

[[package]]
name = "sdkwork-aiot-http-api"
version = "0.1.0"
dependencies = [
 "sdkwork-aiot-contract",
 "sdkwork-aiot-runtime",
 "sdkwork-aiot-transport",
]

[[package]]
name = "sdkwork-aiot-observability"
version = "0.1.0"

[[package]]
name = "sdkwork-aiot-protocol"
version = "0.1.0"
dependencies = [
 "sdkwork-aiot-contract",
]

[[package]]
name = "sdkwork-aiot-runtime"
version = "0.1.0"
dependencies = [
 "sdkwork-aiot-contract",
 "sdkwork-aiot-core",
 "sdkwork-aiot-protocol",
 "sdkwork-aiot-security",
 "sdkwork-aiot-storage",
]

[[package]]
name = "sdkwork-aiot-security"
version = "0.1.0"
dependencies = [
 "sdkwork-aiot-contract",
]

[[package]]
name = "sdkwork-aiot-storage"
version = "0.1.0"

[[package]]
name = "sdkwork-aiot-storage-sqlx"
version = "0.1.0"
dependencies = [
 "sdkwork-aiot-storage",
]

[[package]]
name = "sdkwork-aiot-transport"
version = "0.1.0"
dependencies = [
 "sdkwork-aiot-contract",
 "sdkwork-aiot-protocol",
 "sdkwork-aiot-runtime",
 "sdkwork-aiot-storage",
]
