{
  "name": "sdkwork-aiot",
  "version": "0.1.0",
  "lockfileVersion": 3,
  "requires": true,
  "packages": {
    "": {
      "name": "sdkwork-aiot",
      "version": "0.1.0",
      "dependencies": {
        "@sdkwork/app-topology": "file:../sdkwork-app-topology"
      }
    },
    "../sdkwork-app-topology": {
      "name": "@sdkwork/app-topology",
      "version": "0.1.0",
      "license": "SEE LICENSE IN LICENSE",
      "bin": {
        "sdkwork-topology": "scripts/sdkwork-topology.mjs"
      }
    },
    "node_modules/@sdkwork/app-topology": {
      "resolved": "../sdkwork-app-topology",
      "link": true
    }
  }
}
